
Microsoft Visual Studio Solution File, Format Version 12.00
# Visual Studio Version 17
VisualStudioVersion = 17.7.34031.279
MinimumVisualStudioVersion = 10.0.40219.1
Project("{FAE04EC0-301F-11D3-BF4B-00C04F79EFBC}") = "Data_protection", "Data_protection.csproj", "{83FB9492-FEB1-4B75-AC7F-27BC06CC3CCB}"
EndProject
Global
	GlobalSection(SolutionConfigurationPlatforms) = preSolution
		Debug|Any CPU = Debug|Any CPU
		Release|Any CPU = Release|Any CPU
	EndGlobalSection
	GlobalSection(ProjectConfigurationPlatforms) = postSolution
		{83FB9492-FEB1-4B75-AC7F-27BC06CC3CCB}.Debug|Any CPU.ActiveCfg = Debug|Any CPU
		{83FB9492-FEB1-4B75-AC7F-27BC06CC3CCB}.Debug|Any CPU.Build.0 = Debug|Any CPU
		{83FB9492-FEB1-4B75-AC7F-27BC06CC3CCB}.Release|Any CPU.ActiveCfg = Release|Any CPU
		{83FB9492-FEB1-4B75-AC7F-27BC06CC3CCB}.Release|Any CPU.Build.0 = Release|Any CPU
	EndGlobalSection
	GlobalSection(SolutionProperties) = preSolution
		HideSolutionNode = FALSE
	EndGlobalSection
	GlobalSection(ExtensibilityGlobals) = postSolution
		SolutionGuid = {8F4EBE51-31B0-4C01-A07F-E0EB35D144F0}
	EndGlobalSection
EndGlobal
